
Microsoft Visual Studio Solution File, Format Version 12.00
# Visual Studio 15
VisualStudioVersion = 15.0.28307.329
MinimumVisualStudioVersion = 10.0.40219.1
Project("{F184B08F-C81C-45F6-A57F-5ABD9991F28F}") = "VBP2-4", "VBP2-4\VBP2-4.vbproj", "{10041DF3-6B8E-4C5C-AD9B-AC479C4DF7DB}"
EndProject
Global
	GlobalSection(SolutionConfigurationPlatforms) = preSolution
		Debug|Any CPU = Debug|Any CPU
		Release|Any CPU = Release|Any CPU
	EndGlobalSection
	GlobalSection(ProjectConfigurationPlatforms) = postSolution
		{10041DF3-6B8E-4C5C-AD9B-AC479C4DF7DB}.Debug|Any CPU.ActiveCfg = Debug|Any CPU
		{10041DF3-6B8E-4C5C-AD9B-AC479C4DF7DB}.Debug|Any CPU.Build.0 = Debug|Any CPU
		{10041DF3-6B8E-4C5C-AD9B-AC479C4DF7DB}.Release|Any CPU.ActiveCfg = Release|Any CPU
		{10041DF3-6B8E-4C5C-AD9B-AC479C4DF7DB}.Release|Any CPU.Build.0 = Release|Any CPU
	EndGlobalSection
	GlobalSection(SolutionProperties) = preSolution
		HideSolutionNode = FALSE
	EndGlobalSection
	GlobalSection(ExtensibilityGlobals) = postSolution
		SolutionGuid = {22ABE8FB-A9A8-4824-ADEB-068163C7C2DA}
	EndGlobalSection
EndGlobal
